// !$*UTF8*$!
{
	archiveVersion = 1;
	classes = {
	};
	objectVersion = 50;
	objects = {

/* Begin PBXBuildFile section */
		9B51FF5623D117590079A3FD /* AppDelegate.swift in Sources */ = {isa = PBXBuildFile; fileRef = 9B51FF5523D117590079A3FD /* AppDelegate.swift */; };
		9B51FF5823D117590079A3FD /* SceneDelegate.swift in Sources */ = {isa = PBXBuildFile; fileRef = 9B51FF5723D117590079A3FD /* SceneDelegate.swift */; };
		9B51FF5A23D117590079A3FD /* ViewController.swift in Sources */ = {isa = PBXBuildFile; fileRef = 9B51FF5923D117590079A3FD /* ViewController.swift */; };
		9B51FF5D23D117590079A3FD /* Main.storyboard in Resources */ = {isa = PBXBuildFile; fileRef = 9B51FF5B23D117590079A3FD /* Main.storyboard */; };
		9B51FF5F23D117590079A3FD /* Assets.xcassets in Resources */ = {isa = PBXBuildFile; fileRef = 9B51FF5E23D117590079A3FD /* Assets.xcassets */; };
		9B51FF6223D117590079A3FD /* LaunchScreen.storyboard in Resources */ = {isa = PBXBuildFile; fileRef = 9B51FF6023D117590079A3FD /* LaunchScreen.storyboard */; };
		9B51FF6A23D11CA30079A3FD /* Book.swift in Sources */ = {isa = PBXBuildFile; fileRef = 9B51FF6923D11CA30079A3FD /* Book.swift */; };
		9B51FF6C23D120870079A3FD /* BookTableVC.swift in Sources */ = {isa = PBXBuildFile; fileRef = 9B51FF6B23D120870079A3FD /* BookTableVC.swift */; };
		9B51FF9223D1319A0079A3FD /* model.xcdatamodeld in Sources */ = {isa = PBXBuildFile; fileRef = 9B51FF9023D1319A0079A3FD /* model.xcdatamodeld */; };
/* End PBXBuildFile section */

/* Begin PBXFileReference section */
		9B51FF5223D117590079A3FD /* Data Application.app */ = {isa = PBXFileReference; explicitFileType = wrapper.application; includeInIndex = 0; path = "Data Application.app"; sourceTree = BUILT_PRODUCTS_DIR; };
		9B51FF5523D117590079A3FD /* AppDelegate.swift */ = {isa = PBXFileReference; lastKnownFileType = sourcecode.swift; path = AppDelegate.swift; sourceTree = "<group>"; };
		9B51FF5723D117590079A3FD /* SceneDelegate.swift */ = {isa = PBXFileReference; lastKnownFileType = sourcecode.swift; path = SceneDelegate.swift; sourceTree = "<group>"; };
		9B51FF5923D117590079A3FD /* ViewController.swift */ = {isa = PBXFileReference; lastKnownFileType = sourcecode.swift; path = ViewController.swift; sourceTree = "<group>"; };
		9B51FF5C23D117590079A3FD /* Base */ = {isa = PBXFileReference; lastKnownFileType = file.storyboard; name = Base; path = Base.lproj/Main.storyboard; sourceTree = "<group>"; };
		9B51FF5E23D117590079A3FD /* Assets.xcassets */ = {isa = PBXFileReference; lastKnownFileType = folder.assetcatalog; path = Assets.xcassets; sourceTree = "<group>"; };
		9B51FF6123D117590079A3FD /* Base */ = {isa = PBXFileReference; lastKnownFileType = file.storyboard; name = Base; path = Base.lproj/LaunchScreen.storyboard; sourceTree = "<group>"; };
		9B51FF6323D117590079A3FD /* Info.plist */ = {isa = PBXFileReference; lastKnownFileType = text.plist.xml; path = Info.plist; sourceTree = "<group>"; };
		9B51FF6923D11CA30079A3FD /* Book.swift */ = {isa = PBXFileReference; lastKnownFileType = sourcecode.swift; path = Book.swift; sourceTree = "<group>"; };
		9B51FF6B23D120870079A3FD /* BookTableVC.swift */ = {isa = PBXFileReference; lastKnownFileType = sourcecode.swift; path = BookTableVC.swift; sourceTree = "<group>"; };
		9B51FF9123D1319A0079A3FD /* model.xcdatamodel */ = {isa = PBXFileReference; lastKnownFileType = wrapper.xcdatamodel; path = model.xcdatamodel; sourceTree = "<group>"; };
/* End PBXFileReference section */

/* Begin PBXFrameworksBuildPhase section */
		9B51FF4F23D117590079A3FD /* Frameworks */ = {
			isa = PBXFrameworksBuildPhase;
			buildActionMask = 2147483647;
			files = (
			);
			runOnlyForDeploymentPostprocessing = 0;
		};
/* End PBXFrameworksBuildPhase section */

/* Begin PBXGroup section */
		9B51FF4923D117590079A3FD = {
			isa = PBXGroup;
			children = (
				9B51FF5423D117590079A3FD /* Data Application */,
				9B51FF5323D117590079A3FD /* Products */,
			);
			sourceTree = "<group>";
		};
		9B51FF5323D117590079A3FD /* Products */ = {
			isa = PBXGroup;
			children = (
				9B51FF5223D117590079A3FD /* Data Application.app */,
			);
			name = Products;
			sourceTree = "<group>";
		};
		9B51FF5423D117590079A3FD /* Data Application */ = {
			isa = PBXGroup;
			children = (
				9B51FF5523D117590079A3FD /* AppDelegate.swift */,
				9B51FF5723D117590079A3FD /* SceneDelegate.swift */,
				9B51FF5923D117590079A3FD /* ViewController.swift */,
				9B51FF5B23D117590079A3FD /* Main.storyboard */,
				9B51FF9023D1319A0079A3FD /* model.xcdatamodeld */,
				9B51FF5E23D117590079A3FD /* Assets.xcassets */,
				9B51FF6023D117590079A3FD /* LaunchScreen.storyboard */,
				9B51FF6323D117590079A3FD /* Info.plist */,
				9B51FF6923D11CA30079A3FD /* Book.swift */,
				9B51FF6B23D120870079A3FD /* BookTableVC.swift */,
			);
			path = "Data Application";
			sourceTree = "<group>";
		};
/* End PBXGroup section */

/* Begin PBXNativeTarget section */
		9B51FF5123D117590079A3FD /* Data Application */ = {
			isa = PBXNativeTarget;
			buildConfigurationList = 9B51FF6623D117590079A3FD /* Build configuration list for PBXNativeTarget "Data Application" */;
			buildPhases = (
				9B51FF4E23D117590079A3FD /* Sources */,
				9B51FF4F23D117590079A3FD /* Frameworks */,
				9B51FF5023D117590079A3FD /* Resources */,
			);
			buildRules = (
			);
			dependencies = (
			);
			name = "Data Application";
			productName = "Data Application";
			productReference = 9B51FF5223D117590079A3FD /* Data Application.app */;
			productType = "com.apple.product-type.application";
		};
/* End PBXNativeTarget section */

/* Begin PBXProject section */
		9B51FF4A23D117590079A3FD /* Project object */ = {
			isa = PBXProject;
			attributes = {
				LastSwiftUpdateCheck = 1130;
				LastUpgradeCheck = 1130;
				ORGANIZATIONNAME = MacStudent;
				TargetAttributes = {
					9B51FF5123D117590079A3FD = {
						CreatedOnToolsVersion = 11.3;
					};
				};
			};
			buildConfigurationList = 9B51FF4D23D117590079A3FD /* Build configuration list for PBXProject "Data Application" */;
			compatibilityVersion = "Xcode 9.3";
			developmentRegion = en;
			hasScannedForEncodings = 0;
			knownRegions = (
				en,
				Base,
			);
			mainGroup = 9B51FF4923D117590079A3FD;
			productRefGroup = 9B51FF5323D117590079A3FD /* Products */;
			projectDirPath = "";
			projectRoot = "";
			targets = (
				9B51FF5123D117590079A3FD /* Data Application */,
			);
		};
/* End PBXProject section */

/* Begin PBXResourcesBuildPhase section */
		9B51FF5023D117590079A3FD /* Resources */ = {
			isa = PBXResourcesBuildPhase;
			buildActionMask = 2147483647;
			files = (
				9B51FF6223D117590079A3FD /* LaunchScreen.storyboard in Resources */,
				9B51FF5F23D117590079A3FD /* Assets.xcassets in Resources */,
				9B51FF5D23D117590079A3FD /* Main.storyboard in Resources */,
			);
			runOnlyForDeploymentPostprocessing = 0;
		};
/* End PBXResourcesBuildPhase section */

/* Begin PBXSourcesBuildPhase section */
		9B51FF4E23D117590079A3FD /* Sources */ = {
			isa = PBXSourcesBuildPhase;
			buildActionMask = 2147483647;
			files = (
				9B51FF6A23D11CA30079A3FD /* Book.swift in Sources */,
				9B51FF6C23D120870079A3FD /* BookTableVC.swift in Sources */,
				9B51FF5A23D117590079A3FD /* ViewController.swift in Sources */,
				9B51FF5623D117590079A3FD /* AppDelegate.swift in Sources */,
				9B51FF5823D117590079A3FD /* SceneDelegate.swift in Sources */,
				9B51FF9223D1319A0079A3FD /* model.xcdatamodeld in Sources */,
			);
			runOnlyForDeploymentPostprocessing = 0;
		};
/* End PBXSourcesBuildPhase section */

/* Begin PBXVariantGroup section */
		9B51FF5B23D117590079A3FD /* Main.storyboard */ = {
			isa = PBXVariantGroup;
			children = (
				9B51FF5C23D117590079A3FD /* Base */,
			);
			name = Main.storyboard;
			sourceTree = "<group>";
		};
		9B51FF6023D117590079A3FD /* LaunchScreen.storyboard */ = {
			isa = PBXVariantGroup;
			children = (
				9B51FF6123D117590079A3FD /* Base */,
			);
			name = LaunchScreen.storyboard;
			sourceTree = "<group>";
		};
/* End PBXVariantGroup section */

/* Begin XCBuildConfiguration section */
		9B51FF6423D117590079A3FD /* Debug */ = {
			isa = XCBuildConfiguration;
			buildSettings = {
				ALWAYS_SEARCH_USER_PATHS = NO;
				CLANG_ANALYZER_NONNULL = YES;
				CLANG_ANALYZER_NUMBER_OBJECT_CONVERSION = YES_AGGRESSIVE;
				CLANG_CXX_LANGUAGE_STANDARD = "gnu++14";
				CLANG_CXX_LIBRARY = "libc++";
				CLANG_ENABLE_MODULES = YES;
				CLANG_ENABLE_OBJC_ARC = YES;
				CLANG_ENABLE_OBJC_WEAK = YES;
				CLANG_WARN_BLOCK_CAPTURE_AUTORELEASING = YES;
				CLANG_WARN_BOOL_CONVERSION = YES;
				CLANG_WARN_COMMA = YES;
				CLANG_WARN_CONSTANT_CONVERSION = YES;
				CLANG_WARN_DEPRECATED_OBJC_IMPLEMENTATIONS = YES;
				CLANG_WARN_DIRECT_OBJC_ISA_USAGE = YES_ERROR;
				CLANG_WARN_DOCUMENTATION_COMMENTS = YES;
				CLANG_WARN_EMPTY_BODY = YES;
				CLANG_WARN_ENUM_CONVERSION = YES;
				CLANG_WARN_INFINITE_RECURSION = YES;
				CLANG_WARN_INT_CONVERSION = YES;
				CLANG_WARN_NON_LITERAL_NULL_CONVERSION = YES;
				CLANG_WARN_OBJC_IMPLICIT_RETAIN_SELF = YES;
				CLANG_WARN_OBJC_LITERAL_CONVERSION = YES;
				CLANG_WARN_OBJC_ROOT_CLASS = YES_ERROR;
				CLANG_WARN_RANGE_LOOP_ANALYSIS = YES;
				CLANG_WARN_STRICT_PROTOTYPES = YES;
				CLANG_WARN_SUSPICIOUS_MOVE = YES;
				CLANG_WARN_UNGUARDED_AVAILABILITY = YES_AGGRESSIVE;
				CLANG_WARN_UNREACHABLE_CODE = YES;
				CLANG_WARN__DUPLICATE_METHOD_MATCH = YES;
				COPY_PHASE_STRIP = NO;
				DEBUG_INFORMATION_FORMAT = dwarf;
				ENABLE_STRICT_OBJC_MSGSEND = YES;
				ENABLE_TESTABILITY = YES;
				GCC_C_LANGUAGE_STANDARD = gnu11;
				GCC_DYNAMIC_NO_PIC = NO;
				GCC_NO_COMMON_BLOCKS = YES;
				GCC_OPTIMIZATION_LEVEL = 0;
				GCC_PREPROCESSOR_DEFINITIONS = (
					"DEBUG=1",
					"$(inherited)",
				);
				GCC_WARN_64_TO_32_BIT_CONVERSION = YES;
				GCC_WARN_ABOUT_RETURN_TYPE = YES_ERROR;
				GCC_WARN_UNDECLARED_SELECTOR = YES;
				GCC_WARN_UNINITIALIZED_AUTOS = YES_AGGRESSIVE;
				GCC_WARN_UNUSED_FUNCTION = YES;
				GCC_WARN_UNUSED_VARIABLE = YES;
				IPHONEOS_DEPLOYMENT_TARGET = 13.2;
				MTL_ENABLE_DEBUG_INFO = INCLUDE_SOURCE;
				MTL_FAST_MATH = YES;
				ONLY_ACTIVE_ARCH = YES;
				SDKROOT = iphoneos;
				SWIFT_ACTIVE_COMPILATION_CONDITIONS = DEBUG;
				SWIFT_OPTIMIZATION_LEVEL = "-Onone";
			};
			name = Debug;
		};
		9B51FF6523D117590079A3FD /* Release */ = {
			isa = XCBuildConfiguration;
			buildSettings = {
				ALWAYS_SEARCH_USER_PATHS = NO;
				CLANG_ANALYZER_NONNULL = YES;
				CLANG_ANALYZER_NUMBER_OBJECT_CONVERSION = YES_AGGRESSIVE;
				CLANG_CXX_LANGUAGE_STANDARD = "gnu++14";
				CLANG_CXX_LIBRARY = "libc++";
				CLANG_ENABLE_MODULES = YES;
				CLANG_ENABLE_OBJC_ARC = YES;
				CLANG_ENABLE_OBJC_WEAK = YES;
				CLANG_WARN_BLOCK_CAPTURE_AUTORELEASING = YES;
				CLANG_WARN_BOOL_CONVERSION = YES;
				CLANG_WARN_COMMA = YES;
				CLANG_WARN_CONSTANT_CONVERSION = YES;
				CLANG_WARN_DEPRECATED_OBJC_IMPLEMENTATIONS = YES;
				CLANG_WARN_DIRECT_OBJC_ISA_USAGE = YES_ERROR;
				CLANG_WARN_DOCUMENTATION_COMMENTS = YES;
				CLANG_WARN_EMPTY_BODY = YES;
				CLANG_WARN_ENUM_CONVERSION = YES;
				CLANG_WARN_INFINITE_RECURSION = YES;
				CLANG_WARN_INT_CONVERSION = YES;
				CLANG_WARN_NON_LITERAL_NULL_CONVERSION = YES;
				CLANG_WARN_OBJC_IMPLICIT_RETAIN_SELF = YES;
				CLANG_WARN_OBJC_LITERAL_CONVERSION = YES;
				CLANG_WARN_OBJC_ROOT_CLASS = YES_ERROR;
				CLANG_WARN_RANGE_LOOP_ANALYSIS = YES;
				CLANG_WARN_STRICT_PROTOTYPES = YES;
				CLANG_WARN_SUSPICIOUS_MOVE = YES;
				CLANG_WARN_UNGUARDED_AVAILABILITY = YES_AGGRESSIVE;
				CLANG_WARN_UNREACHABLE_CODE = YES;
				CLANG_WARN__DUPLICATE_METHOD_MATCH = YES;
				COPY_PHASE_STRIP = NO;
				DEBUG_INFORMATION_FORMAT = "dwarf-with-dsym";
				ENABLE_NS_ASSERTIONS = NO;
				ENABLE_STRICT_OBJC_MSGSEND = YES;
				GCC_C_LANGUAGE_STANDARD = gnu11;
				GCC_NO_COMMON_BLOCKS = YES;
				GCC_WARN_64_TO_32_BIT_CONVERSION = YES;
				GCC_WARN_ABOUT_RETURN_TYPE = YES_ERROR;
				GCC_WARN_UNDECLARED_SELECTOR = YES;
				GCC_WARN_UNINITIALIZED_AUTOS = YES_AGGRESSIVE;
				GCC_WARN_UNUSED_FUNCTION = YES;
				GCC_WARN_UNUSED_VARIABLE = YES;
				IPHONEOS_DEPLOYMENT_TARGET = 13.2;
				MTL_ENABLE_DEBUG_INFO = NO;
				MTL_FAST_MATH = YES;
				SDKROOT = iphoneos;
				SWIFT_COMPILATION_MODE = wholemodule;
				SWIFT_OPTIMIZATION_LEVEL = "-O";
				VALIDATE_PRODUCT = YES;
			};
			name = Release;
		};
		9B51FF6723D117590079A3FD /* Debug */ = {
			isa = XCBuildConfiguration;
			buildSettings = {
				ASSETCATALOG_COMPILER_APPICON_NAME = AppIcon;
				CODE_SIGN_STYLE = Automatic;
				DEVELOPMENT_TEAM = 98DSFBTA65;
				INFOPLIST_FILE = "Data Application/Info.plist";
				LD_RUNPATH_SEARCH_PATHS = (
					"$(inherited)",
					"@executable_path/Frameworks",
				);
				PRODUCT_BUNDLE_IDENTIFIER = "CestarCollege.Data-Application";
				PRODUCT_NAME = "$(TARGET_NAME)";
				SWIFT_VERSION = 5.0;
				TARGETED_DEVICE_FAMILY = "1,2";
			};
			name = Debug;
		};
		9B51FF6823D117590079A3FD /* Release */ = {
			isa = XCBuildConfiguration;
			buildSettings = {
				ASSETCATALOG_COMPILER_APPICON_NAME = AppIcon;
				CODE_SIGN_STYLE = Automatic;
				DEVELOPMENT_TEAM = 98DSFBTA65;
				INFOPLIST_FILE = "Data Application/Info.plist";
				LD_RUNPATH_SEARCH_PATHS = (
					"$(inherited)",
					"@executable_path/Frameworks",
				);
				PRODUCT_BUNDLE_IDENTIFIER = "CestarCollege.Data-Application";
				PRODUCT_NAME = "$(TARGET_NAME)";
				SWIFT_VERSION = 5.0;
				TARGETED_DEVICE_FAMILY = "1,2";
			};
			name = Release;
		};
/* End XCBuildConfiguration section */

/* Begin XCConfigurationList section */
		9B51FF4D23D117590079A3FD /* Build configuration list for PBXProject "Data Application" */ = {
			isa = XCConfigurationList;
			buildConfigurations = (
				9B51FF6423D117590079A3FD /* Debug */,
				9B51FF6523D117590079A3FD /* Release */,
			);
			defaultConfigurationIsVisible = 0;
			defaultConfigurationName = Release;
		};
		9B51FF6623D117590079A3FD /* Build configuration list for PBXNativeTarget "Data Application" */ = {
			isa = XCConfigurationList;
			buildConfigurations = (
				9B51FF6723D117590079A3FD /* Debug */,
				9B51FF6823D117590079A3FD /* Release */,
			);
			defaultConfigurationIsVisible = 0;
			defaultConfigurationName = Release;
		};
/* End XCConfigurationList section */

/* Begin XCVersionGroup section */
		9B51FF9023D1319A0079A3FD /* model.xcdatamodeld */ = {
			isa = XCVersionGroup;
			children = (
				9B51FF9123D1319A0079A3FD /* model.xcdatamodel */,
			);
			currentVersion = 9B51FF9123D1319A0079A3FD /* model.xcdatamodel */;
			path = model.xcdatamodeld;
			sourceTree = "<group>";
			versionGroupType = wrapper.xcdatamodel;
		};
/* End XCVersionGroup section */
	};
	rootObject = 9B51FF4A23D117590079A3FD /* Project object */;
}
